
Microsoft Visual Studio Solution File, Format Version 12.00
# Visual Studio Version 16
VisualStudioVersion = 16.0.31112.23
MinimumVisualStudioVersion = 10.0.40219.1
Project("{A0786B88-2ADB-4C21-ABE8-AA2D79766269}") = "Prototipo Vista 20-20", "..\..\..\..\..\Users\melig\source\repos\Prototipo Vista 20-20\Prototipo Vista 20-20\Prototipo Vista 20-20.phpproj", "{262CF25D-77F2-4B98-B2A1-80A4A469CC9F}"
EndProject
Global
	GlobalSection(SolutionConfigurationPlatforms) = preSolution
		Debug|Any CPU = Debug|Any CPU
		Release|Any CPU = Release|Any CPU
	EndGlobalSection
	GlobalSection(ProjectConfigurationPlatforms) = postSolution
		{262CF25D-77F2-4B98-B2A1-80A4A469CC9F}.Debug|Any CPU.ActiveCfg = Debug|Any CPU
		{262CF25D-77F2-4B98-B2A1-80A4A469CC9F}.Release|Any CPU.ActiveCfg = Release|Any CPU
	EndGlobalSection
	GlobalSection(SolutionProperties) = preSolution
		HideSolutionNode = FALSE
	EndGlobalSection
	GlobalSection(ExtensibilityGlobals) = postSolution
		SolutionGuid = {24C48050-AE0F-4EF7-8C0A-D81E8173C0F7}
	EndGlobalSection
EndGlobal
